
Microsoft Visual Studio Solution File, Format Version 12.00
# Visual Studio 2012
Project("{FAE04EC0-301F-11D3-BF4B-00C04F79EFBC}") = "ColComSystem", "ColComSystem\ColComSystem.csproj", "{037F6AD6-5D53-41EB-B69E-527459A8F347}"
EndProject
Project("{FAE04EC0-301F-11D3-BF4B-00C04F79EFBC}") = "CL", "CL\CL.csproj", "{D162DAE3-E26E-435F-99D6-AF0F83544AFB}"
EndProject
Global
	GlobalSection(SolutionConfigurationPlatforms) = preSolution
		Debug|Any CPU = Debug|Any CPU
		Release|Any CPU = Release|Any CPU
	EndGlobalSection
	GlobalSection(ProjectConfigurationPlatforms) = postSolution
		{037F6AD6-5D53-41EB-B69E-527459A8F347}.Debug|Any CPU.ActiveCfg = Debug|Any CPU
		{037F6AD6-5D53-41EB-B69E-527459A8F347}.Debug|Any CPU.Build.0 = Debug|Any CPU
		{037F6AD6-5D53-41EB-B69E-527459A8F347}.Release|Any CPU.ActiveCfg = Release|Any CPU
		{037F6AD6-5D53-41EB-B69E-527459A8F347}.Release|Any CPU.Build.0 = Release|Any CPU
		{D162DAE3-E26E-435F-99D6-AF0F83544AFB}.Debug|Any CPU.ActiveCfg = Debug|Any CPU
		{D162DAE3-E26E-435F-99D6-AF0F83544AFB}.Debug|Any CPU.Build.0 = Debug|Any CPU
		{D162DAE3-E26E-435F-99D6-AF0F83544AFB}.Release|Any CPU.ActiveCfg = Release|Any CPU
		{D162DAE3-E26E-435F-99D6-AF0F83544AFB}.Release|Any CPU.Build.0 = Release|Any CPU
	EndGlobalSection
	GlobalSection(SolutionProperties) = preSolution
		HideSolutionNode = FALSE
	EndGlobalSection
EndGlobal
